
Microsoft Visual Studio Solution File, Format Version 12.00
# Visual Studio Version 17
VisualStudioVersion = 17.11.35222.181
MinimumVisualStudioVersion = 10.0.40219.1
Project("{FAE04EC0-301F-11D3-BF4B-00C04F79EFBC}") = "EmployeeManagement", "EmployeeManagement\EmployeeManagement.csproj", "{949F9040-1C8D-435F-8DEC-A2C505F8FA16}"
EndProject
Global
	GlobalSection(SolutionConfigurationPlatforms) = preSolution
		Debug|Any CPU = Debug|Any CPU
		Release|Any CPU = Release|Any CPU
	EndGlobalSection
	GlobalSection(ProjectConfigurationPlatforms) = postSolution
		{949F9040-1C8D-435F-8DEC-A2C505F8FA16}.Debug|Any CPU.ActiveCfg = Debug|Any CPU
		{949F9040-1C8D-435F-8DEC-A2C505F8FA16}.Debug|Any CPU.Build.0 = Debug|Any CPU
		{949F9040-1C8D-435F-8DEC-A2C505F8FA16}.Release|Any CPU.ActiveCfg = Release|Any CPU
		{949F9040-1C8D-435F-8DEC-A2C505F8FA16}.Release|Any CPU.Build.0 = Release|Any CPU
	EndGlobalSection
	GlobalSection(SolutionProperties) = preSolution
		HideSolutionNode = FALSE
	EndGlobalSection
	GlobalSection(ExtensibilityGlobals) = postSolution
		SolutionGuid = {32A8C955-2558-4FDB-8283-E1423F681911}
	EndGlobalSection
EndGlobal
